
Microsoft Visual Studio Solution File, Format Version 12.00
# Visual Studio Version 16
VisualStudioVersion = 16.0.30320.27
MinimumVisualStudioVersion = 10.0.40219.1
Project("{9A19103F-16F7-4668-BE54-9A1E7A4F7556}") = "Kursova Rabota PP", "Kursova Rabota PP\Kursova Rabota PP.csproj", "{9EC4C39C-E073-4FE9-9623-EB779E5E1342}"
EndProject
Global
	GlobalSection(SolutionConfigurationPlatforms) = preSolution
		Debug|Any CPU = Debug|Any CPU
		Release|Any CPU = Release|Any CPU
	EndGlobalSection
	GlobalSection(ProjectConfigurationPlatforms) = postSolution
		{9EC4C39C-E073-4FE9-9623-EB779E5E1342}.Debug|Any CPU.ActiveCfg = Debug|Any CPU
		{9EC4C39C-E073-4FE9-9623-EB779E5E1342}.Debug|Any CPU.Build.0 = Debug|Any CPU
		{9EC4C39C-E073-4FE9-9623-EB779E5E1342}.Release|Any CPU.ActiveCfg = Release|Any CPU
		{9EC4C39C-E073-4FE9-9623-EB779E5E1342}.Release|Any CPU.Build.0 = Release|Any CPU
	EndGlobalSection
	GlobalSection(SolutionProperties) = preSolution
		HideSolutionNode = FALSE
	EndGlobalSection
	GlobalSection(ExtensibilityGlobals) = postSolution
		SolutionGuid = {E59A4DE0-4083-48B2-80A8-7F213FAFD0A9}
	EndGlobalSection
EndGlobal
